{
  "name": "arizchat",
  "version": "1.0.0",
  "lockfileVersion": 3,
  "requires": true,
  "author": "Your Name",
  "complete": true,
  "description": "Your description here",
  "keywords": [],
  "license": "ISC",
  "main": "index.js",
  "packages": {
    "": {
      "name": "arizchat",
      "version": "1.0.0",
      "license": "ISC"
    }
  },
  "scripts": {
    "test": "echo \"Error: no test specified\" && exit 1"
  }
}
